<Solution>
  <Folder Name="/0 - build/">
    <File Path=".gitignore" />
    <File Path=".mcp.json" />
    <File Path="CLAUDE.md" />
    <File Path="Directory.Build.props" />
    <File Path="Directory.Packages.props" />
    <File Path="global.json" />
    <File Path="nuget.config" />
    <File Path="Version.props" />
  </Folder>
  <Folder Name="/1 - apps/">
    <Project Path="src\McpPoc.Api\McpPoc.Api.csproj" />
    <Project Path="src\Zero.Mcp.Extensions\Zero.Mcp.Extensions.csproj" />
  </Folder>
  <Folder Name="/2 - tests/">
    <Project Path="tests\McpPoc.Api.Tests\McpPoc.Api.Tests.csproj" />
    <Project Path="tests\Zero.Mcp.Extensions.Tests\Zero.Mcp.Extensions.Tests.csproj" />
  </Folder>
  <Folder Name="/3 - rdp/" />
  <Folder Name="/3 - rdp/mcp-sdk/">
    <File Path="3rdp/csharp-sdk/Directory.Build.props" />
    <File Path="3rdp/csharp-sdk/Directory.Packages.props" />
    <File Path="3rdp/csharp-sdk/global.json" />
    <Project Path="3rdp/csharp-sdk/src/ModelContextProtocol.AspNetCore/ModelContextProtocol.AspNetCore.csproj" />
    <Project Path="3rdp/csharp-sdk/src/ModelContextProtocol.Core/ModelContextProtocol.Core.csproj" />
    <Project Path="3rdp/csharp-sdk/src/ModelContextProtocol/ModelContextProtocol.csproj" />
    <Project Path="3rdp/csharp-sdk/tests/ModelContextProtocol.AspNetCore.Tests/ModelContextProtocol.AspNetCore.Tests.csproj" />
    <Project Path="3rdp/csharp-sdk/tests/ModelContextProtocol.TestOAuthServer/ModelContextProtocol.TestOAuthServer.csproj" />
    <Project Path="3rdp/csharp-sdk/tests/ModelContextProtocol.Tests/ModelContextProtocol.Tests.csproj" />
  </Folder>
</Solution>
